<?xml version="1.0" encoding="utf-8"?>
<Project ToolsVersion="4.0" xmlns="http://schemas.microsoft.com/developer/msbuild/2003">
  <ItemGroup>
    <Filter Include="Source Files">
      <UniqueIdentifier>{4FC737F1-C7A5-4376-A066-2A32D752A2FF}</UniqueIdentifier>
      <Extensions>cpp;c;cc;cxx;def;odl;idl;hpj;bat;asm;asmx</Extensions>
    </Filter>
    <Filter Include="Header Files">
      <UniqueIdentifier>{93995380-89BD-4b04-88EB-625FBE52EBFB}</UniqueIdentifier>
      <Extensions>h;hh;hpp;hxx;hm;inl;inc;xsd</Extensions>
    </Filter>
    <Filter Include="Resource Files">
      <UniqueIdentifier>{67DA6AB6-F800-4c08-8B7A-83BB121AAD01}</UniqueIdentifier>
      <Extensions>rc;ico;cur;bmp;dlg;rc2;rct;bin;rgs;gif;jpg;jpeg;jpe;resx;tiff;tif;png;wav;mfcribbon-ms</Extensions>
    </Filter>
    <Filter Include="Source Files\Simulator">
      <UniqueIdentifier>{66318433-036c-4e65-91d2-fbe887bfc8d1}</UniqueIdentifier>
    </Filter>
    <Filter Include="Source Files\Simulator\Components">
      <UniqueIdentifier>{dd180c02-fe7b-4916-9c36-3619b99f0144}</UniqueIdentifier>
    </Filter>
  </ItemGroup>
  <ItemGroup>
    <ClCompile Include="src/gl_core_3_3.c">
      <Filter>Source Files</Filter>
    </ClCompile>
    <ClCompile Include="src/main.cpp">
      <Filter>Source Files</Filter>
    </ClCompile>
    <ClCompile Include="src\Simulation\mesh.cpp">
      <Filter>Source Files</Filter>
    </ClCompile>
    <ClCompile Include="src/util.cpp">
      <Filter>Source Files</Filter>
    </ClCompile>
    <ClCompile Include="src/glstate.cpp">
      <Filter>Source Files</Filter>
    </ClCompile>
    <ClCompile Include="src\Simulation\SimObjects\Camera.cpp">
      <Filter>Source Files\Simulator\Components</Filter>
    </ClCompile>
    <ClCompile Include="src\Simulation\Components\Component.cpp">
      <Filter>Source Files\Simulator\Components</Filter>
    </ClCompile>
    <ClCompile Include="src\Simulation\Components\MeshRenderer.cpp">
      <Filter>Source Files\Simulator\Components</Filter>
    </ClCompile>
    <ClCompile Include="src\Simulation\Scene.cpp">
      <Filter>Source Files\Simulator</Filter>
    </ClCompile>
    <ClCompile Include="src\Simulation\SimObjects\SimObject.cpp">
      <Filter>Source Files\Simulator</Filter>
    </ClCompile>
    <ClCompile Include="src\Simulation\Simulator.cpp">
      <Filter>Source Files\Simulator</Filter>
    </ClCompile>
    <ClCompile Include="src\Simulation\Material.cpp">
      <Filter>Source Files\Simulator</Filter>
    </ClCompile>
    <ClCompile Include="src\Simulation\Shader.cpp">
      <Filter>Source Files\Simulator</Filter>
    </ClCompile>
    <ClCompile Include="src\Simulation\Components\Transform.cpp">
      <Filter>Source Files</Filter>
    </ClCompile>
    <ClCompile Include="src\Simulation\AssetReader.cpp">
      <Filter>Source Files</Filter>
    </ClCompile>
    <ClCompile Include="src\Simulation\ComponentRegistry.cpp">
      <Filter>Source Files</Filter>
    </ClCompile>
    <ClCompile Include="src\Simulation\SimObjects\Coaster.cpp">
      <Filter>Source Files</Filter>
    </ClCompile>
    <ClCompile Include="src\Simulation\Components\Coasters\TrackSpline.cpp">
      <Filter>Source Files</Filter>
    </ClCompile>
    <ClCompile Include="src\Simulation\SimObjects\TrackMeshSegment.cpp">
      <Filter>Source Files</Filter>
    </ClCompile>
    <ClCompile Include="src\Simulation\Texture.cpp">
      <Filter>Source Files</Filter>
    </ClCompile>
    <ClCompile Include="src\stb_image.cpp">
      <Filter>Source Files</Filter>
    </ClCompile>
    <ClCompile Include="src\Simulation\CSV.cpp">
      <Filter>Source Files</Filter>
    </ClCompile>
    <ClCompile Include="src\Simulation\SimObjects\UI\UIPanel.cpp">
      <Filter>Source Files</Filter>
    </ClCompile>
  </ItemGroup>
  <ItemGroup>
    <ClInclude Include="src/gl_core_3_3.h">
      <Filter>Header Files</Filter>
    </ClInclude>
    <ClInclude Include="src\Simulation\mesh.hpp">
      <Filter>Header Files</Filter>
    </ClInclude>
    <ClInclude Include="src/util.hpp">
      <Filter>Header Files</Filter>
    </ClInclude>
    <ClInclude Include="src/glstate.hpp">
      <Filter>Header Files</Filter>
    </ClInclude>
    <ClInclude Include="src\Simulation\SimObjects\Camera.h">
      <Filter>Header Files</Filter>
    </ClInclude>
    <ClInclude Include="src\Simulation\Components\Component.h">
      <Filter>Header Files</Filter>
    </ClInclude>
    <ClInclude Include="src\Simulation\Components\MeshRenderer.h">
      <Filter>Header Files</Filter>
    </ClInclude>
    <ClInclude Include="src\Simulation\Scene.h">
      <Filter>Header Files</Filter>
    </ClInclude>
    <ClInclude Include="src\Simulation\SimObjects\SimObject.h">
      <Filter>Header Files</Filter>
    </ClInclude>
    <ClInclude Include="src\Simulation\Simulator.h">
      <Filter>Header Files</Filter>
    </ClInclude>
    <ClInclude Include="src\Simulation\Material.h">
      <Filter>Header Files</Filter>
    </ClInclude>
    <ClInclude Include="src\Simulation\Shader.h">
      <Filter>Header Files</Filter>
    </ClInclude>
    <ClInclude Include="src\Simulation\Components\Transform.h">
      <Filter>Header Files</Filter>
    </ClInclude>
    <ClInclude Include="src\Simulation\AssetReader.h">
      <Filter>Header Files</Filter>
    </ClInclude>
    <ClInclude Include="src\Simulation\ComponentRegistry.h">
      <Filter>Header Files</Filter>
    </ClInclude>
    <ClInclude Include="src\Simulation\SimObjects\Coaster.h">
      <Filter>Header Files</Filter>
    </ClInclude>
    <ClInclude Include="src\Simulation\Components\Coasters\TrackSpline.h">
      <Filter>Header Files</Filter>
    </ClInclude>
    <ClInclude Include="src\Simulation\SimObjects\TrackMeshSegment.h">
      <Filter>Header Files</Filter>
    </ClInclude>
    <ClInclude Include="src\Simulation\Texture.h">
      <Filter>Header Files</Filter>
    </ClInclude>
    <ClInclude Include="src\stb_image.h">
      <Filter>Header Files</Filter>
    </ClInclude>
    <ClInclude Include="src\Simulation\CSV.h">
      <Filter>Header Files</Filter>
    </ClInclude>
    <ClInclude Include="src\Simulation\SimObjects\UI\UIPanel.h">
      <Filter>Header Files</Filter>
    </ClInclude>
  </ItemGroup>
  <ItemGroup>
    <None Include="shaders/f.glsl">
      <Filter>Resource Files</Filter>
    </None>
    <None Include="shaders/v.glsl">
      <Filter>Resource Files</Filter>
    </None>
    <None Include="materials\m.mat" />
    <None Include="simobjects\test.simobj" />
    <None Include="simobjects\bunny.simobj" />
    <None Include="materials\bunny.mat" />
    <None Include="simobjects\uipanel.simobj" />
    <None Include="shaders\sky_frag.glsl" />
    <None Include="shaders\sky_vert.glsl" />
    <None Include="materials\skybox.mat" />
    <None Include="simobjects\skybox.simobj" />
  </ItemGroup>
</Project>